
Microsoft Visual Studio Solution File, Format Version 12.00
# Visual Studio 15
VisualStudioVersion = 15.0.28010.2036
MinimumVisualStudioVersion = 10.0.40219.1
Project("{FAE04EC0-301F-11D3-BF4B-00C04F79EFBC}") = "Ejercicio1_EmpresaCoche", "Ejercicio1_EmpresaCoche\Ejercicio1_EmpresaCoche.csproj", "{70D8CBD1-9232-4C28-9C22-89F68D9B6739}"
EndProject
Global
	GlobalSection(SolutionConfigurationPlatforms) = preSolution
		Debug|Any CPU = Debug|Any CPU
		Release|Any CPU = Release|Any CPU
	EndGlobalSection
	GlobalSection(ProjectConfigurationPlatforms) = postSolution
		{70D8CBD1-9232-4C28-9C22-89F68D9B6739}.Debug|Any CPU.ActiveCfg = Debug|Any CPU
		{70D8CBD1-9232-4C28-9C22-89F68D9B6739}.Debug|Any CPU.Build.0 = Debug|Any CPU
		{70D8CBD1-9232-4C28-9C22-89F68D9B6739}.Release|Any CPU.ActiveCfg = Release|Any CPU
		{70D8CBD1-9232-4C28-9C22-89F68D9B6739}.Release|Any CPU.Build.0 = Release|Any CPU
	EndGlobalSection
	GlobalSection(SolutionProperties) = preSolution
		HideSolutionNode = FALSE
	EndGlobalSection
	GlobalSection(ExtensibilityGlobals) = postSolution
		SolutionGuid = {F8E800D3-1E35-4E49-851D-6DAA086FBFEE}
	EndGlobalSection
EndGlobal
